// !$*UTF8*$!
{
	archiveVersion = 1;
	classes = {
	};
	objectVersion = 48;
	objects = {

/* Begin PBXBuildFile section */
		377F63711F7E0FDC00CAE028 /* AppDelegate.swift in Sources */ = {isa = PBXBuildFile; fileRef = 377F63701F7E0FDC00CAE028 /* AppDelegate.swift */; };
		377F63731F7E0FDC00CAE028 /* ViewController.swift in Sources */ = {isa = PBXBuildFile; fileRef = 377F63721F7E0FDC00CAE028 /* ViewController.swift */; };
		377F63761F7E0FDC00CAE028 /* Main.storyboard in Resources */ = {isa = PBXBuildFile; fileRef = 377F63741F7E0FDC00CAE028 /* Main.storyboard */; };
		377F63781F7E0FDC00CAE028 /* Assets.xcassets in Resources */ = {isa = PBXBuildFile; fileRef = 377F63771F7E0FDC00CAE028 /* Assets.xcassets */; };
		377F637B1F7E0FDC00CAE028 /* LaunchScreen.storyboard in Resources */ = {isa = PBXBuildFile; fileRef = 377F63791F7E0FDC00CAE028 /* LaunchScreen.storyboard */; };
		377F63841F7E0FE900CAE028 /* MapKit.framework in Frameworks */ = {isa = PBXBuildFile; fileRef = 377F63831F7E0FE900CAE028 /* MapKit.framework */; };
		377F638A1F7E2B0400CAE028 /* maker.png in Resources */ = {isa = PBXBuildFile; fileRef = 377F63891F7E2B0000CAE028 /* maker.png */; };
		377F638C1F7E2F7000CAE028 /* images.png in Resources */ = {isa = PBXBuildFile; fileRef = 377F638B1F7E2F6B00CAE028 /* images.png */; };
		377F638E1F7E30DF00CAE028 /* DirViewController.swift in Sources */ = {isa = PBXBuildFile; fileRef = 377F638D1F7E30DF00CAE028 /* DirViewController.swift */; };
/* End PBXBuildFile section */

/* Begin PBXFileReference section */
		377F636D1F7E0FDC00CAE028 /* MyApp22.app */ = {isa = PBXFileReference; explicitFileType = wrapper.application; includeInIndex = 0; path = MyApp22.app; sourceTree = BUILT_PRODUCTS_DIR; };
		377F63701F7E0FDC00CAE028 /* AppDelegate.swift */ = {isa = PBXFileReference; lastKnownFileType = sourcecode.swift; path = AppDelegate.swift; sourceTree = "<group>"; };
		377F63721F7E0FDC00CAE028 /* ViewController.swift */ = {isa = PBXFileReference; lastKnownFileType = sourcecode.swift; path = ViewController.swift; sourceTree = "<group>"; };
		377F63751F7E0FDC00CAE028 /* Base */ = {isa = PBXFileReference; lastKnownFileType = file.storyboard; name = Base; path = Base.lproj/Main.storyboard; sourceTree = "<group>"; };
		377F63771F7E0FDC00CAE028 /* Assets.xcassets */ = {isa = PBXFileReference; lastKnownFileType = folder.assetcatalog; path = Assets.xcassets; sourceTree = "<group>"; };
		377F637A1F7E0FDC00CAE028 /* Base */ = {isa = PBXFileReference; lastKnownFileType = file.storyboard; name = Base; path = Base.lproj/LaunchScreen.storyboard; sourceTree = "<group>"; };
		377F637C1F7E0FDC00CAE028 /* Info.plist */ = {isa = PBXFileReference; lastKnownFileType = text.plist.xml; path = Info.plist; sourceTree = "<group>"; };
		377F63831F7E0FE900CAE028 /* MapKit.framework */ = {isa = PBXFileReference; lastKnownFileType = wrapper.framework; name = MapKit.framework; path = System/Library/Frameworks/MapKit.framework; sourceTree = SDKROOT; };
		377F63891F7E2B0000CAE028 /* maker.png */ = {isa = PBXFileReference; lastKnownFileType = image.png; path = maker.png; sourceTree = "<group>"; };
		377F638B1F7E2F6B00CAE028 /* images.png */ = {isa = PBXFileReference; lastKnownFileType = image.png; path = images.png; sourceTree = "<group>"; };
		377F638D1F7E30DF00CAE028 /* DirViewController.swift */ = {isa = PBXFileReference; lastKnownFileType = sourcecode.swift; path = DirViewController.swift; sourceTree = "<group>"; };
/* End PBXFileReference section */

/* Begin PBXFrameworksBuildPhase section */
		377F636A1F7E0FDC00CAE028 /* Frameworks */ = {
			isa = PBXFrameworksBuildPhase;
			buildActionMask = 2147483647;
			files = (
				377F63841F7E0FE900CAE028 /* MapKit.framework in Frameworks */,
			);
			runOnlyForDeploymentPostprocessing = 0;
		};
/* End PBXFrameworksBuildPhase section */

/* Begin PBXGroup section */
		377F63641F7E0FDC00CAE028 = {
			isa = PBXGroup;
			children = (
				377F636F1F7E0FDC00CAE028 /* MyApp22 */,
				377F636E1F7E0FDC00CAE028 /* Products */,
				377F63821F7E0FE900CAE028 /* Frameworks */,
			);
			sourceTree = "<group>";
		};
		377F636E1F7E0FDC00CAE028 /* Products */ = {
			isa = PBXGroup;
			children = (
				377F636D1F7E0FDC00CAE028 /* MyApp22.app */,
			);
			name = Products;
			sourceTree = "<group>";
		};
		377F636F1F7E0FDC00CAE028 /* MyApp22 */ = {
			isa = PBXGroup;
			children = (
				377F638B1F7E2F6B00CAE028 /* images.png */,
				377F63891F7E2B0000CAE028 /* maker.png */,
				377F63701F7E0FDC00CAE028 /* AppDelegate.swift */,
				377F63721F7E0FDC00CAE028 /* ViewController.swift */,
				377F63741F7E0FDC00CAE028 /* Main.storyboard */,
				377F63771F7E0FDC00CAE028 /* Assets.xcassets */,
				377F63791F7E0FDC00CAE028 /* LaunchScreen.storyboard */,
				377F637C1F7E0FDC00CAE028 /* Info.plist */,
				377F638D1F7E30DF00CAE028 /* DirViewController.swift */,
			);
			path = MyApp22;
			sourceTree = "<group>";
		};
		377F63821F7E0FE900CAE028 /* Frameworks */ = {
			isa = PBXGroup;
			children = (
				377F63831F7E0FE900CAE028 /* MapKit.framework */,
			);
			name = Frameworks;
			sourceTree = "<group>";
		};
/* End PBXGroup section */

/* Begin PBXNativeTarget section */
		377F636C1F7E0FDC00CAE028 /* MyApp22 */ = {
			isa = PBXNativeTarget;
			buildConfigurationList = 377F637F1F7E0FDC00CAE028 /* Build configuration list for PBXNativeTarget "MyApp22" */;
			buildPhases = (
				377F63691F7E0FDC00CAE028 /* Sources */,
				377F636A1F7E0FDC00CAE028 /* Frameworks */,
				377F636B1F7E0FDC00CAE028 /* Resources */,
			);
			buildRules = (
			);
			dependencies = (
			);
			name = MyApp22;
			productName = MyApp22;
			productReference = 377F636D1F7E0FDC00CAE028 /* MyApp22.app */;
			productType = "com.apple.product-type.application";
		};
/* End PBXNativeTarget section */

/* Begin PBXProject section */
		377F63651F7E0FDC00CAE028 /* Project object */ = {
			isa = PBXProject;
			attributes = {
				LastSwiftUpdateCheck = 0900;
				LastUpgradeCheck = 0900;
				ORGANIZATIONNAME = "Brad Big Company";
				TargetAttributes = {
					377F636C1F7E0FDC00CAE028 = {
						CreatedOnToolsVersion = 9.0;
						ProvisioningStyle = Automatic;
						SystemCapabilities = {
							com.apple.Maps.iOS = {
								enabled = 1;
							};
						};
					};
				};
			};
			buildConfigurationList = 377F63681F7E0FDC00CAE028 /* Build configuration list for PBXProject "MyApp22" */;
			compatibilityVersion = "Xcode 8.0";
			developmentRegion = en;
			hasScannedForEncodings = 0;
			knownRegions = (
				en,
				Base,
			);
			mainGroup = 377F63641F7E0FDC00CAE028;
			productRefGroup = 377F636E1F7E0FDC00CAE028 /* Products */;
			projectDirPath = "";
			projectRoot = "";
			targets = (
				377F636C1F7E0FDC00CAE028 /* MyApp22 */,
			);
		};
/* End PBXProject section */

/* Begin PBXResourcesBuildPhase section */
		377F636B1F7E0FDC00CAE028 /* Resources */ = {
			isa = PBXResourcesBuildPhase;
			buildActionMask = 2147483647;
			files = (
				377F638A1F7E2B0400CAE028 /* maker.png in Resources */,
				377F638C1F7E2F7000CAE028 /* images.png in Resources */,
				377F637B1F7E0FDC00CAE028 /* LaunchScreen.storyboard in Resources */,
				377F63781F7E0FDC00CAE028 /* Assets.xcassets in Resources */,
				377F63761F7E0FDC00CAE028 /* Main.storyboard in Resources */,
			);
			runOnlyForDeploymentPostprocessing = 0;
		};
/* End PBXResourcesBuildPhase section */

/* Begin PBXSourcesBuildPhase section */
		377F63691F7E0FDC00CAE028 /* Sources */ = {
			isa = PBXSourcesBuildPhase;
			buildActionMask = 2147483647;
			files = (
				377F63731F7E0FDC00CAE028 /* ViewController.swift in Sources */,
				377F63711F7E0FDC00CAE028 /* AppDelegate.swift in Sources */,
				377F638E1F7E30DF00CAE028 /* DirViewController.swift in Sources */,
			);
			runOnlyForDeploymentPostprocessing = 0;
		};
/* End PBXSourcesBuildPhase section */

/* Begin PBXVariantGroup section */
		377F63741F7E0FDC00CAE028 /* Main.storyboard */ = {
			isa = PBXVariantGroup;
			children = (
				377F63751F7E0FDC00CAE028 /* Base */,
			);
			name = Main.storyboard;
			sourceTree = "<group>";
		};
		377F63791F7E0FDC00CAE028 /* LaunchScreen.storyboard */ = {
			isa = PBXVariantGroup;
			children = (
				377F637A1F7E0FDC00CAE028 /* Base */,
			);
			name = LaunchScreen.storyboard;
			sourceTree = "<group>";
		};
/* End PBXVariantGroup section */

/* Begin XCBuildConfiguration section */
		377F637D1F7E0FDC00CAE028 /* Debug */ = {
			isa = XCBuildConfiguration;
			buildSettings = {
				ALWAYS_SEARCH_USER_PATHS = NO;
				CLANG_ANALYZER_NONNULL = YES;
				CLANG_ANALYZER_NUMBER_OBJECT_CONVERSION = YES_AGGRESSIVE;
				CLANG_CXX_LANGUAGE_STANDARD = "gnu++14";
				CLANG_CXX_LIBRARY = "libc++";
				CLANG_ENABLE_MODULES = YES;
				CLANG_ENABLE_OBJC_ARC = YES;
				CLANG_WARN_BLOCK_CAPTURE_AUTORELEASING = YES;
				CLANG_WARN_BOOL_CONVERSION = YES;
				CLANG_WARN_COMMA = YES;
				CLANG_WARN_CONSTANT_CONVERSION = YES;
				CLANG_WARN_DIRECT_OBJC_ISA_USAGE = YES_ERROR;
				CLANG_WARN_DOCUMENTATION_COMMENTS = YES;
				CLANG_WARN_EMPTY_BODY = YES;
				CLANG_WARN_ENUM_CONVERSION = YES;
				CLANG_WARN_INFINITE_RECURSION = YES;
				CLANG_WARN_INT_CONVERSION = YES;
				CLANG_WARN_NON_LITERAL_NULL_CONVERSION = YES;
				CLANG_WARN_OBJC_LITERAL_CONVERSION = YES;
				CLANG_WARN_OBJC_ROOT_CLASS = YES_ERROR;
				CLANG_WARN_RANGE_LOOP_ANALYSIS = YES;
				CLANG_WARN_STRICT_PROTOTYPES = YES;
				CLANG_WARN_SUSPICIOUS_MOVE = YES;
				CLANG_WARN_UNGUARDED_AVAILABILITY = YES_AGGRESSIVE;
				CLANG_WARN_UNREACHABLE_CODE = YES;
				CLANG_WARN__DUPLICATE_METHOD_MATCH = YES;
				CODE_SIGN_IDENTITY = "iPhone Developer";
				COPY_PHASE_STRIP = NO;
				DEBUG_INFORMATION_FORMAT = dwarf;
				ENABLE_STRICT_OBJC_MSGSEND = YES;
				ENABLE_TESTABILITY = YES;
				GCC_C_LANGUAGE_STANDARD = gnu11;
				GCC_DYNAMIC_NO_PIC = NO;
				GCC_NO_COMMON_BLOCKS = YES;
				GCC_OPTIMIZATION_LEVEL = 0;
				GCC_PREPROCESSOR_DEFINITIONS = (
					"DEBUG=1",
					"$(inherited)",
				);
				GCC_WARN_64_TO_32_BIT_CONVERSION = YES;
				GCC_WARN_ABOUT_RETURN_TYPE = YES_ERROR;
				GCC_WARN_UNDECLARED_SELECTOR = YES;
				GCC_WARN_UNINITIALIZED_AUTOS = YES_AGGRESSIVE;
				GCC_WARN_UNUSED_FUNCTION = YES;
				GCC_WARN_UNUSED_VARIABLE = YES;
				IPHONEOS_DEPLOYMENT_TARGET = 11.0;
				MTL_ENABLE_DEBUG_INFO = YES;
				ONLY_ACTIVE_ARCH = YES;
				SDKROOT = iphoneos;
				SWIFT_ACTIVE_COMPILATION_CONDITIONS = DEBUG;
				SWIFT_OPTIMIZATION_LEVEL = "-Onone";
			};
			name = Debug;
		};
		377F637E1F7E0FDC00CAE028 /* Release */ = {
			isa = XCBuildConfiguration;
			buildSettings = {
				ALWAYS_SEARCH_USER_PATHS = NO;
				CLANG_ANALYZER_NONNULL = YES;
				CLANG_ANALYZER_NUMBER_OBJECT_CONVERSION = YES_AGGRESSIVE;
				CLANG_CXX_LANGUAGE_STANDARD = "gnu++14";
				CLANG_CXX_LIBRARY = "libc++";
				CLANG_ENABLE_MODULES = YES;
				CLANG_ENABLE_OBJC_ARC = YES;
				CLANG_WARN_BLOCK_CAPTURE_AUTORELEASING = YES;
				CLANG_WARN_BOOL_CONVERSION = YES;
				CLANG_WARN_COMMA = YES;
				CLANG_WARN_CONSTANT_CONVERSION = YES;
				CLANG_WARN_DIRECT_OBJC_ISA_USAGE = YES_ERROR;
				CLANG_WARN_DOCUMENTATION_COMMENTS = YES;
				CLANG_WARN_EMPTY_BODY = YES;
				CLANG_WARN_ENUM_CONVERSION = YES;
				CLANG_WARN_INFINITE_RECURSION = YES;
				CLANG_WARN_INT_CONVERSION = YES;
				CLANG_WARN_NON_LITERAL_NULL_CONVERSION = YES;
				CLANG_WARN_OBJC_LITERAL_CONVERSION = YES;
				CLANG_WARN_OBJC_ROOT_CLASS = YES_ERROR;
				CLANG_WARN_RANGE_LOOP_ANALYSIS = YES;
				CLANG_WARN_STRICT_PROTOTYPES = YES;
				CLANG_WARN_SUSPICIOUS_MOVE = YES;
				CLANG_WARN_UNGUARDED_AVAILABILITY = YES_AGGRESSIVE;
				CLANG_WARN_UNREACHABLE_CODE = YES;
				CLANG_WARN__DUPLICATE_METHOD_MATCH = YES;
				CODE_SIGN_IDENTITY = "iPhone Developer";
				COPY_PHASE_STRIP = NO;
				DEBUG_INFORMATION_FORMAT = "dwarf-with-dsym";
				ENABLE_NS_ASSERTIONS = NO;
				ENABLE_STRICT_OBJC_MSGSEND = YES;
				GCC_C_LANGUAGE_STANDARD = gnu11;
				GCC_NO_COMMON_BLOCKS = YES;
				GCC_WARN_64_TO_32_BIT_CONVERSION = YES;
				GCC_WARN_ABOUT_RETURN_TYPE = YES_ERROR;
				GCC_WARN_UNDECLARED_SELECTOR = YES;
				GCC_WARN_UNINITIALIZED_AUTOS = YES_AGGRESSIVE;
				GCC_WARN_UNUSED_FUNCTION = YES;
				GCC_WARN_UNUSED_VARIABLE = YES;
				IPHONEOS_DEPLOYMENT_TARGET = 11.0;
				MTL_ENABLE_DEBUG_INFO = NO;
				SDKROOT = iphoneos;
				SWIFT_OPTIMIZATION_LEVEL = "-Owholemodule";
				VALIDATE_PRODUCT = YES;
			};
			name = Release;
		};
		377F63801F7E0FDC00CAE028 /* Debug */ = {
			isa = XCBuildConfiguration;
			buildSettings = {
				ASSETCATALOG_COMPILER_APPICON_NAME = AppIcon;
				CODE_SIGN_STYLE = Automatic;
				DEVELOPMENT_TEAM = 2345S78GFH;
				INFOPLIST_FILE = MyApp22/Info.plist;
				LD_RUNPATH_SEARCH_PATHS = "$(inherited) @executable_path/Frameworks";
				PRODUCT_BUNDLE_IDENTIFIER = tw.org.iii.MyApp22;
				PRODUCT_NAME = "$(TARGET_NAME)";
				SWIFT_VERSION = 4.0;
				TARGETED_DEVICE_FAMILY = "1,2";
			};
			name = Debug;
		};
		377F63811F7E0FDC00CAE028 /* Release */ = {
			isa = XCBuildConfiguration;
			buildSettings = {
				ASSETCATALOG_COMPILER_APPICON_NAME = AppIcon;
				CODE_SIGN_STYLE = Automatic;
				DEVELOPMENT_TEAM = 2345S78GFH;
				INFOPLIST_FILE = MyApp22/Info.plist;
				LD_RUNPATH_SEARCH_PATHS = "$(inherited) @executable_path/Frameworks";
				PRODUCT_BUNDLE_IDENTIFIER = tw.org.iii.MyApp22;
				PRODUCT_NAME = "$(TARGET_NAME)";
				SWIFT_VERSION = 4.0;
				TARGETED_DEVICE_FAMILY = "1,2";
			};
			name = Release;
		};
/* End XCBuildConfiguration section */

/* Begin XCConfigurationList section */
		377F63681F7E0FDC00CAE028 /* Build configuration list for PBXProject "MyApp22" */ = {
			isa = XCConfigurationList;
			buildConfigurations = (
				377F637D1F7E0FDC00CAE028 /* Debug */,
				377F637E1F7E0FDC00CAE028 /* Release */,
			);
			defaultConfigurationIsVisible = 0;
			defaultConfigurationName = Release;
		};
		377F637F1F7E0FDC00CAE028 /* Build configuration list for PBXNativeTarget "MyApp22" */ = {
			isa = XCConfigurationList;
			buildConfigurations = (
				377F63801F7E0FDC00CAE028 /* Debug */,
				377F63811F7E0FDC00CAE028 /* Release */,
			);
			defaultConfigurationIsVisible = 0;
			defaultConfigurationName = Release;
		};
/* End XCConfigurationList section */
	};
	rootObject = 377F63651F7E0FDC00CAE028 /* Project object */;
}
